// !$*UTF8*$!
{
	archiveVersion = 1;
	classes = {
	};
	objectVersion = 56;
	objects = {

/* Begin PBXBuildFile section */
		50B418D82AE47454003AEAD0 /* DodoScrollAppApp.swift in Sources */ = {isa = PBXBuildFile; fileRef = 50B418D72AE47454003AEAD0 /* DodoScrollAppApp.swift */; };
		50B418DA2AE47454003AEAD0 /* ContentView.swift in Sources */ = {isa = PBXBuildFile; fileRef = 50B418D92AE47454003AEAD0 /* ContentView.swift */; };
		50B418DC2AE47455003AEAD0 /* Assets.xcassets in Resources */ = {isa = PBXBuildFile; fileRef = 50B418DB2AE47455003AEAD0 /* Assets.xcassets */; };
		50B418DF2AE47455003AEAD0 /* Preview Assets.xcassets in Resources */ = {isa = PBXBuildFile; fileRef = 50B418DE2AE47455003AEAD0 /* Preview Assets.xcassets */; };
		50B418E92AE47609003AEAD0 /* SwiftUIScreen.swift in Sources */ = {isa = PBXBuildFile; fileRef = 50B418E82AE47609003AEAD0 /* SwiftUIScreen.swift */; };
		50B418EC2AE478B4003AEAD0 /* SUIBackgroundView.swift in Sources */ = {isa = PBXBuildFile; fileRef = 50B418EB2AE478B4003AEAD0 /* SUIBackgroundView.swift */; };
		50B418EE2AE478D8003AEAD0 /* SUIContentView.swift in Sources */ = {isa = PBXBuildFile; fileRef = 50B418ED2AE478D8003AEAD0 /* SUIContentView.swift */; };
		50B418F02AE478F6003AEAD0 /* SUIToolbarView.swift in Sources */ = {isa = PBXBuildFile; fileRef = 50B418EF2AE478F6003AEAD0 /* SUIToolbarView.swift */; };
		50B418F32AE47A8A003AEAD0 /* View+Extensions.swift in Sources */ = {isa = PBXBuildFile; fileRef = 50B418F22AE47A8A003AEAD0 /* View+Extensions.swift */; };
		50B418F52AE47BEF003AEAD0 /* SwiftUIViewModel.swift in Sources */ = {isa = PBXBuildFile; fileRef = 50B418F42AE47BEF003AEAD0 /* SwiftUIViewModel.swift */; };
		50B418F82AE47C35003AEAD0 /* ProductModel.swift in Sources */ = {isa = PBXBuildFile; fileRef = 50B418F72AE47C34003AEAD0 /* ProductModel.swift */; };
		50B418FA2AE47CF2003AEAD0 /* OptionModel.swift in Sources */ = {isa = PBXBuildFile; fileRef = 50B418F92AE47CF2003AEAD0 /* OptionModel.swift */; };
/* End PBXBuildFile section */

/* Begin PBXFileReference section */
		50B418D42AE47454003AEAD0 /* DodoScrollApp.app */ = {isa = PBXFileReference; explicitFileType = wrapper.application; includeInIndex = 0; path = DodoScrollApp.app; sourceTree = BUILT_PRODUCTS_DIR; };
		50B418D72AE47454003AEAD0 /* DodoScrollAppApp.swift */ = {isa = PBXFileReference; lastKnownFileType = sourcecode.swift; path = DodoScrollAppApp.swift; sourceTree = "<group>"; };
		50B418D92AE47454003AEAD0 /* ContentView.swift */ = {isa = PBXFileReference; lastKnownFileType = sourcecode.swift; path = ContentView.swift; sourceTree = "<group>"; };
		50B418DB2AE47455003AEAD0 /* Assets.xcassets */ = {isa = PBXFileReference; lastKnownFileType = folder.assetcatalog; path = Assets.xcassets; sourceTree = "<group>"; };
		50B418DE2AE47455003AEAD0 /* Preview Assets.xcassets */ = {isa = PBXFileReference; lastKnownFileType = folder.assetcatalog; path = "Preview Assets.xcassets"; sourceTree = "<group>"; };
		50B418E82AE47609003AEAD0 /* SwiftUIScreen.swift */ = {isa = PBXFileReference; lastKnownFileType = sourcecode.swift; path = SwiftUIScreen.swift; sourceTree = "<group>"; };
		50B418EB2AE478B4003AEAD0 /* SUIBackgroundView.swift */ = {isa = PBXFileReference; lastKnownFileType = sourcecode.swift; path = SUIBackgroundView.swift; sourceTree = "<group>"; };
		50B418ED2AE478D8003AEAD0 /* SUIContentView.swift */ = {isa = PBXFileReference; lastKnownFileType = sourcecode.swift; path = SUIContentView.swift; sourceTree = "<group>"; };
		50B418EF2AE478F6003AEAD0 /* SUIToolbarView.swift */ = {isa = PBXFileReference; lastKnownFileType = sourcecode.swift; path = SUIToolbarView.swift; sourceTree = "<group>"; };
		50B418F22AE47A8A003AEAD0 /* View+Extensions.swift */ = {isa = PBXFileReference; lastKnownFileType = sourcecode.swift; path = "View+Extensions.swift"; sourceTree = "<group>"; };
		50B418F42AE47BEF003AEAD0 /* SwiftUIViewModel.swift */ = {isa = PBXFileReference; lastKnownFileType = sourcecode.swift; path = SwiftUIViewModel.swift; sourceTree = "<group>"; };
		50B418F72AE47C34003AEAD0 /* ProductModel.swift */ = {isa = PBXFileReference; lastKnownFileType = sourcecode.swift; path = ProductModel.swift; sourceTree = "<group>"; };
		50B418F92AE47CF2003AEAD0 /* OptionModel.swift */ = {isa = PBXFileReference; lastKnownFileType = sourcecode.swift; path = OptionModel.swift; sourceTree = "<group>"; };
/* End PBXFileReference section */

/* Begin PBXFrameworksBuildPhase section */
		50B418D12AE47454003AEAD0 /* Frameworks */ = {
			isa = PBXFrameworksBuildPhase;
			buildActionMask = 2147483647;
			files = (
			);
			runOnlyForDeploymentPostprocessing = 0;
		};
/* End PBXFrameworksBuildPhase section */

/* Begin PBXGroup section */
		50B418CB2AE47454003AEAD0 = {
			isa = PBXGroup;
			children = (
				50B418D62AE47454003AEAD0 /* DodoScrollApp */,
				50B418D52AE47454003AEAD0 /* Products */,
			);
			sourceTree = "<group>";
		};
		50B418D52AE47454003AEAD0 /* Products */ = {
			isa = PBXGroup;
			children = (
				50B418D42AE47454003AEAD0 /* DodoScrollApp.app */,
			);
			name = Products;
			sourceTree = "<group>";
		};
		50B418D62AE47454003AEAD0 /* DodoScrollApp */ = {
			isa = PBXGroup;
			children = (
				50B418E72AE475E0003AEAD0 /* SwiftUI */,
				50B418E62AE475CC003AEAD0 /* Resources */,
				50B418E52AE47594003AEAD0 /* MainScreen */,
				50B418D72AE47454003AEAD0 /* DodoScrollAppApp.swift */,
			);
			path = DodoScrollApp;
			sourceTree = "<group>";
		};
		50B418DD2AE47455003AEAD0 /* Preview Content */ = {
			isa = PBXGroup;
			children = (
				50B418DE2AE47455003AEAD0 /* Preview Assets.xcassets */,
			);
			path = "Preview Content";
			sourceTree = "<group>";
		};
		50B418E52AE47594003AEAD0 /* MainScreen */ = {
			isa = PBXGroup;
			children = (
				50B418D92AE47454003AEAD0 /* ContentView.swift */,
			);
			path = MainScreen;
			sourceTree = "<group>";
		};
		50B418E62AE475CC003AEAD0 /* Resources */ = {
			isa = PBXGroup;
			children = (
				50B418DD2AE47455003AEAD0 /* Preview Content */,
				50B418DB2AE47455003AEAD0 /* Assets.xcassets */,
			);
			path = Resources;
			sourceTree = "<group>";
		};
		50B418E72AE475E0003AEAD0 /* SwiftUI */ = {
			isa = PBXGroup;
			children = (
				50B418F62AE47C20003AEAD0 /* Models */,
				50B418F12AE47A7A003AEAD0 /* Extensions */,
				50B418EA2AE477AC003AEAD0 /* Components */,
				50B418E82AE47609003AEAD0 /* SwiftUIScreen.swift */,
				50B418F42AE47BEF003AEAD0 /* SwiftUIViewModel.swift */,
			);
			path = SwiftUI;
			sourceTree = "<group>";
		};
		50B418EA2AE477AC003AEAD0 /* Components */ = {
			isa = PBXGroup;
			children = (
				50B418EB2AE478B4003AEAD0 /* SUIBackgroundView.swift */,
				50B418ED2AE478D8003AEAD0 /* SUIContentView.swift */,
				50B418EF2AE478F6003AEAD0 /* SUIToolbarView.swift */,
			);
			path = Components;
			sourceTree = "<group>";
		};
		50B418F12AE47A7A003AEAD0 /* Extensions */ = {
			isa = PBXGroup;
			children = (
				50B418F22AE47A8A003AEAD0 /* View+Extensions.swift */,
			);
			path = Extensions;
			sourceTree = "<group>";
		};
		50B418F62AE47C20003AEAD0 /* Models */ = {
			isa = PBXGroup;
			children = (
				50B418F72AE47C34003AEAD0 /* ProductModel.swift */,
				50B418F92AE47CF2003AEAD0 /* OptionModel.swift */,
			);
			path = Models;
			sourceTree = "<group>";
		};
/* End PBXGroup section */

/* Begin PBXNativeTarget section */
		50B418D32AE47454003AEAD0 /* DodoScrollApp */ = {
			isa = PBXNativeTarget;
			buildConfigurationList = 50B418E22AE47455003AEAD0 /* Build configuration list for PBXNativeTarget "DodoScrollApp" */;
			buildPhases = (
				50B418D02AE47454003AEAD0 /* Sources */,
				50B418D12AE47454003AEAD0 /* Frameworks */,
				50B418D22AE47454003AEAD0 /* Resources */,
			);
			buildRules = (
			);
			dependencies = (
			);
			name = DodoScrollApp;
			productName = DodoScrollApp;
			productReference = 50B418D42AE47454003AEAD0 /* DodoScrollApp.app */;
			productType = "com.apple.product-type.application";
		};
/* End PBXNativeTarget section */

/* Begin PBXProject section */
		50B418CC2AE47454003AEAD0 /* Project object */ = {
			isa = PBXProject;
			attributes = {
				BuildIndependentTargetsInParallel = 1;
				LastSwiftUpdateCheck = 1410;
				LastUpgradeCheck = 1410;
				TargetAttributes = {
					50B418D32AE47454003AEAD0 = {
						CreatedOnToolsVersion = 14.1;
					};
				};
			};
			buildConfigurationList = 50B418CF2AE47454003AEAD0 /* Build configuration list for PBXProject "DodoScrollApp" */;
			compatibilityVersion = "Xcode 14.0";
			developmentRegion = en;
			hasScannedForEncodings = 0;
			knownRegions = (
				en,
				Base,
			);
			mainGroup = 50B418CB2AE47454003AEAD0;
			productRefGroup = 50B418D52AE47454003AEAD0 /* Products */;
			projectDirPath = "";
			projectRoot = "";
			targets = (
				50B418D32AE47454003AEAD0 /* DodoScrollApp */,
			);
		};
/* End PBXProject section */

/* Begin PBXResourcesBuildPhase section */
		50B418D22AE47454003AEAD0 /* Resources */ = {
			isa = PBXResourcesBuildPhase;
			buildActionMask = 2147483647;
			files = (
				50B418DF2AE47455003AEAD0 /* Preview Assets.xcassets in Resources */,
				50B418DC2AE47455003AEAD0 /* Assets.xcassets in Resources */,
			);
			runOnlyForDeploymentPostprocessing = 0;
		};
/* End PBXResourcesBuildPhase section */

/* Begin PBXSourcesBuildPhase section */
		50B418D02AE47454003AEAD0 /* Sources */ = {
			isa = PBXSourcesBuildPhase;
			buildActionMask = 2147483647;
			files = (
				50B418F52AE47BEF003AEAD0 /* SwiftUIViewModel.swift in Sources */,
				50B418EE2AE478D8003AEAD0 /* SUIContentView.swift in Sources */,
				50B418DA2AE47454003AEAD0 /* ContentView.swift in Sources */,
				50B418E92AE47609003AEAD0 /* SwiftUIScreen.swift in Sources */,
				50B418FA2AE47CF2003AEAD0 /* OptionModel.swift in Sources */,
				50B418F32AE47A8A003AEAD0 /* View+Extensions.swift in Sources */,
				50B418F82AE47C35003AEAD0 /* ProductModel.swift in Sources */,
				50B418EC2AE478B4003AEAD0 /* SUIBackgroundView.swift in Sources */,
				50B418F02AE478F6003AEAD0 /* SUIToolbarView.swift in Sources */,
				50B418D82AE47454003AEAD0 /* DodoScrollAppApp.swift in Sources */,
			);
			runOnlyForDeploymentPostprocessing = 0;
		};
/* End PBXSourcesBuildPhase section */

/* Begin XCBuildConfiguration section */
		50B418E02AE47455003AEAD0 /* Debug */ = {
			isa = XCBuildConfiguration;
			buildSettings = {
				ALWAYS_SEARCH_USER_PATHS = NO;
				CLANG_ANALYZER_NONNULL = YES;
				CLANG_ANALYZER_NUMBER_OBJECT_CONVERSION = YES_AGGRESSIVE;
				CLANG_CXX_LANGUAGE_STANDARD = "gnu++20";
				CLANG_ENABLE_MODULES = YES;
				CLANG_ENABLE_OBJC_ARC = YES;
				CLANG_ENABLE_OBJC_WEAK = YES;
				CLANG_WARN_BLOCK_CAPTURE_AUTORELEASING = YES;
				CLANG_WARN_BOOL_CONVERSION = YES;
				CLANG_WARN_COMMA = YES;
				CLANG_WARN_CONSTANT_CONVERSION = YES;
				CLANG_WARN_DEPRECATED_OBJC_IMPLEMENTATIONS = YES;
				CLANG_WARN_DIRECT_OBJC_ISA_USAGE = YES_ERROR;
				CLANG_WARN_DOCUMENTATION_COMMENTS = YES;
				CLANG_WARN_EMPTY_BODY = YES;
				CLANG_WARN_ENUM_CONVERSION = YES;
				CLANG_WARN_INFINITE_RECURSION = YES;
				CLANG_WARN_INT_CONVERSION = YES;
				CLANG_WARN_NON_LITERAL_NULL_CONVERSION = YES;
				CLANG_WARN_OBJC_IMPLICIT_RETAIN_SELF = YES;
				CLANG_WARN_OBJC_LITERAL_CONVERSION = YES;
				CLANG_WARN_OBJC_ROOT_CLASS = YES_ERROR;
				CLANG_WARN_QUOTED_INCLUDE_IN_FRAMEWORK_HEADER = YES;
				CLANG_WARN_RANGE_LOOP_ANALYSIS = YES;
				CLANG_WARN_STRICT_PROTOTYPES = YES;
				CLANG_WARN_SUSPICIOUS_MOVE = YES;
				CLANG_WARN_UNGUARDED_AVAILABILITY = YES_AGGRESSIVE;
				CLANG_WARN_UNREACHABLE_CODE = YES;
				CLANG_WARN__DUPLICATE_METHOD_MATCH = YES;
				COPY_PHASE_STRIP = NO;
				DEBUG_INFORMATION_FORMAT = dwarf;
				ENABLE_STRICT_OBJC_MSGSEND = YES;
				ENABLE_TESTABILITY = YES;
				GCC_C_LANGUAGE_STANDARD = gnu11;
				GCC_DYNAMIC_NO_PIC = NO;
				GCC_NO_COMMON_BLOCKS = YES;
				GCC_OPTIMIZATION_LEVEL = 0;
				GCC_PREPROCESSOR_DEFINITIONS = (
					"DEBUG=1",
					"$(inherited)",
				);
				GCC_WARN_64_TO_32_BIT_CONVERSION = YES;
				GCC_WARN_ABOUT_RETURN_TYPE = YES_ERROR;
				GCC_WARN_UNDECLARED_SELECTOR = YES;
				GCC_WARN_UNINITIALIZED_AUTOS = YES_AGGRESSIVE;
				GCC_WARN_UNUSED_FUNCTION = YES;
				GCC_WARN_UNUSED_VARIABLE = YES;
				IPHONEOS_DEPLOYMENT_TARGET = 16.1;
				MTL_ENABLE_DEBUG_INFO = INCLUDE_SOURCE;
				MTL_FAST_MATH = YES;
				ONLY_ACTIVE_ARCH = YES;
				SDKROOT = iphoneos;
				SWIFT_ACTIVE_COMPILATION_CONDITIONS = DEBUG;
				SWIFT_OPTIMIZATION_LEVEL = "-Onone";
			};
			name = Debug;
		};
		50B418E12AE47455003AEAD0 /* Release */ = {
			isa = XCBuildConfiguration;
			buildSettings = {
				ALWAYS_SEARCH_USER_PATHS = NO;
				CLANG_ANALYZER_NONNULL = YES;
				CLANG_ANALYZER_NUMBER_OBJECT_CONVERSION = YES_AGGRESSIVE;
				CLANG_CXX_LANGUAGE_STANDARD = "gnu++20";
				CLANG_ENABLE_MODULES = YES;
				CLANG_ENABLE_OBJC_ARC = YES;
				CLANG_ENABLE_OBJC_WEAK = YES;
				CLANG_WARN_BLOCK_CAPTURE_AUTORELEASING = YES;
				CLANG_WARN_BOOL_CONVERSION = YES;
				CLANG_WARN_COMMA = YES;
				CLANG_WARN_CONSTANT_CONVERSION = YES;
				CLANG_WARN_DEPRECATED_OBJC_IMPLEMENTATIONS = YES;
				CLANG_WARN_DIRECT_OBJC_ISA_USAGE = YES_ERROR;
				CLANG_WARN_DOCUMENTATION_COMMENTS = YES;
				CLANG_WARN_EMPTY_BODY = YES;
				CLANG_WARN_ENUM_CONVERSION = YES;
				CLANG_WARN_INFINITE_RECURSION = YES;
				CLANG_WARN_INT_CONVERSION = YES;
				CLANG_WARN_NON_LITERAL_NULL_CONVERSION = YES;
				CLANG_WARN_OBJC_IMPLICIT_RETAIN_SELF = YES;
				CLANG_WARN_OBJC_LITERAL_CONVERSION = YES;
				CLANG_WARN_OBJC_ROOT_CLASS = YES_ERROR;
				CLANG_WARN_QUOTED_INCLUDE_IN_FRAMEWORK_HEADER = YES;
				CLANG_WARN_RANGE_LOOP_ANALYSIS = YES;
				CLANG_WARN_STRICT_PROTOTYPES = YES;
				CLANG_WARN_SUSPICIOUS_MOVE = YES;
				CLANG_WARN_UNGUARDED_AVAILABILITY = YES_AGGRESSIVE;
				CLANG_WARN_UNREACHABLE_CODE = YES;
				CLANG_WARN__DUPLICATE_METHOD_MATCH = YES;
				COPY_PHASE_STRIP = NO;
				DEBUG_INFORMATION_FORMAT = "dwarf-with-dsym";
				ENABLE_NS_ASSERTIONS = NO;
				ENABLE_STRICT_OBJC_MSGSEND = YES;
				GCC_C_LANGUAGE_STANDARD = gnu11;
				GCC_NO_COMMON_BLOCKS = YES;
				GCC_WARN_64_TO_32_BIT_CONVERSION = YES;
				GCC_WARN_ABOUT_RETURN_TYPE = YES_ERROR;
				GCC_WARN_UNDECLARED_SELECTOR = YES;
				GCC_WARN_UNINITIALIZED_AUTOS = YES_AGGRESSIVE;
				GCC_WARN_UNUSED_FUNCTION = YES;
				GCC_WARN_UNUSED_VARIABLE = YES;
				IPHONEOS_DEPLOYMENT_TARGET = 16.1;
				MTL_ENABLE_DEBUG_INFO = NO;
				MTL_FAST_MATH = YES;
				SDKROOT = iphoneos;
				SWIFT_COMPILATION_MODE = wholemodule;
				SWIFT_OPTIMIZATION_LEVEL = "-O";
				VALIDATE_PRODUCT = YES;
			};
			name = Release;
		};
		50B418E32AE47455003AEAD0 /* Debug */ = {
			isa = XCBuildConfiguration;
			buildSettings = {
				ASSETCATALOG_COMPILER_APPICON_NAME = AppIcon;
				ASSETCATALOG_COMPILER_GLOBAL_ACCENT_COLOR_NAME = AccentColor;
				CODE_SIGN_STYLE = Automatic;
				CURRENT_PROJECT_VERSION = 1;
				DEVELOPMENT_ASSET_PATHS = "\"DodoScrollApp/Resources/Preview Content\"";
				ENABLE_PREVIEWS = YES;
				GENERATE_INFOPLIST_FILE = YES;
				INFOPLIST_KEY_UIApplicationSceneManifest_Generation = YES;
				INFOPLIST_KEY_UIApplicationSupportsIndirectInputEvents = YES;
				INFOPLIST_KEY_UILaunchScreen_Generation = YES;
				INFOPLIST_KEY_UISupportedInterfaceOrientations_iPad = "UIInterfaceOrientationPortrait UIInterfaceOrientationPortraitUpsideDown UIInterfaceOrientationLandscapeLeft UIInterfaceOrientationLandscapeRight";
				INFOPLIST_KEY_UISupportedInterfaceOrientations_iPhone = "UIInterfaceOrientationPortrait UIInterfaceOrientationLandscapeLeft UIInterfaceOrientationLandscapeRight";
				LD_RUNPATH_SEARCH_PATHS = (
					"$(inherited)",
					"@executable_path/Frameworks",
				);
				MARKETING_VERSION = 1.0;
				PRODUCT_BUNDLE_IDENTIFIER = kirillbelashov.DodoScrollApp;
				PRODUCT_NAME = "$(TARGET_NAME)";
				SWIFT_EMIT_LOC_STRINGS = YES;
				SWIFT_VERSION = 5.0;
				TARGETED_DEVICE_FAMILY = "1,2";
			};
			name = Debug;
		};
		50B418E42AE47455003AEAD0 /* Release */ = {
			isa = XCBuildConfiguration;
			buildSettings = {
				ASSETCATALOG_COMPILER_APPICON_NAME = AppIcon;
				ASSETCATALOG_COMPILER_GLOBAL_ACCENT_COLOR_NAME = AccentColor;
				CODE_SIGN_STYLE = Automatic;
				CURRENT_PROJECT_VERSION = 1;
				DEVELOPMENT_ASSET_PATHS = "\"DodoScrollApp/Resources/Preview Content\"";
				ENABLE_PREVIEWS = YES;
				GENERATE_INFOPLIST_FILE = YES;
				INFOPLIST_KEY_UIApplicationSceneManifest_Generation = YES;
				INFOPLIST_KEY_UIApplicationSupportsIndirectInputEvents = YES;
				INFOPLIST_KEY_UILaunchScreen_Generation = YES;
				INFOPLIST_KEY_UISupportedInterfaceOrientations_iPad = "UIInterfaceOrientationPortrait UIInterfaceOrientationPortraitUpsideDown UIInterfaceOrientationLandscapeLeft UIInterfaceOrientationLandscapeRight";
				INFOPLIST_KEY_UISupportedInterfaceOrientations_iPhone = "UIInterfaceOrientationPortrait UIInterfaceOrientationLandscapeLeft UIInterfaceOrientationLandscapeRight";
				LD_RUNPATH_SEARCH_PATHS = (
					"$(inherited)",
					"@executable_path/Frameworks",
				);
				MARKETING_VERSION = 1.0;
				PRODUCT_BUNDLE_IDENTIFIER = kirillbelashov.DodoScrollApp;
				PRODUCT_NAME = "$(TARGET_NAME)";
				SWIFT_EMIT_LOC_STRINGS = YES;
				SWIFT_VERSION = 5.0;
				TARGETED_DEVICE_FAMILY = "1,2";
			};
			name = Release;
		};
/* End XCBuildConfiguration section */

/* Begin XCConfigurationList section */
		50B418CF2AE47454003AEAD0 /* Build configuration list for PBXProject "DodoScrollApp" */ = {
			isa = XCConfigurationList;
			buildConfigurations = (
				50B418E02AE47455003AEAD0 /* Debug */,
				50B418E12AE47455003AEAD0 /* Release */,
			);
			defaultConfigurationIsVisible = 0;
			defaultConfigurationName = Release;
		};
		50B418E22AE47455003AEAD0 /* Build configuration list for PBXNativeTarget "DodoScrollApp" */ = {
			isa = XCConfigurationList;
			buildConfigurations = (
				50B418E32AE47455003AEAD0 /* Debug */,
				50B418E42AE47455003AEAD0 /* Release */,
			);
			defaultConfigurationIsVisible = 0;
			defaultConfigurationName = Release;
		};
/* End XCConfigurationList section */
	};
	rootObject = 50B418CC2AE47454003AEAD0 /* Project object */;
}
